
Microsoft Visual Studio Solution File, Format Version 12.00
# Visual Studio Version 16
VisualStudioVersion = 16.0.29926.136
MinimumVisualStudioVersion = 10.0.40219.1
Project("{FAE04EC0-301F-11D3-BF4B-00C04F79EFBC}") = "Monopoly Nasdaq Alpha v0.01", "Monopoly Nasdaq Alpha v0.01.csproj", "{130B7FAA-B7CD-49C8-BB1D-D15406C26D52}"
EndProject
Global
	GlobalSection(SolutionConfigurationPlatforms) = preSolution
		Debug|Any CPU = Debug|Any CPU
		Release|Any CPU = Release|Any CPU
	EndGlobalSection
	GlobalSection(ProjectConfigurationPlatforms) = postSolution
		{130B7FAA-B7CD-49C8-BB1D-D15406C26D52}.Debug|Any CPU.ActiveCfg = Debug|Any CPU
		{130B7FAA-B7CD-49C8-BB1D-D15406C26D52}.Debug|Any CPU.Build.0 = Debug|Any CPU
		{130B7FAA-B7CD-49C8-BB1D-D15406C26D52}.Release|Any CPU.ActiveCfg = Release|Any CPU
		{130B7FAA-B7CD-49C8-BB1D-D15406C26D52}.Release|Any CPU.Build.0 = Release|Any CPU
	EndGlobalSection
	GlobalSection(SolutionProperties) = preSolution
		HideSolutionNode = FALSE
	EndGlobalSection
	GlobalSection(ExtensibilityGlobals) = postSolution
		SolutionGuid = {20C08D35-528A-4D91-8992-CB47738C8EAF}
	EndGlobalSection
EndGlobal
